
Microsoft Visual Studio Solution File, Format Version 12.00
# Visual Studio Version 17
VisualStudioVersion = 17.5.33530.505
MinimumVisualStudioVersion = 10.0.40219.1
Project("{FAE04EC0-301F-11D3-BF4B-00C04F79EFBC}") = "Test", "Test\Test.csproj", "{5D30D428-6690-4363-99A1-7D0E0DC7DE1D}"
EndProject
Global
	GlobalSection(SolutionConfigurationPlatforms) = preSolution
		Debug|Any CPU = Debug|Any CPU
		Release|Any CPU = Release|Any CPU
	EndGlobalSection
	GlobalSection(ProjectConfigurationPlatforms) = postSolution
		{5D30D428-6690-4363-99A1-7D0E0DC7DE1D}.Debug|Any CPU.ActiveCfg = Debug|Any CPU
		{5D30D428-6690-4363-99A1-7D0E0DC7DE1D}.Debug|Any CPU.Build.0 = Debug|Any CPU
		{5D30D428-6690-4363-99A1-7D0E0DC7DE1D}.Release|Any CPU.ActiveCfg = Release|Any CPU
		{5D30D428-6690-4363-99A1-7D0E0DC7DE1D}.Release|Any CPU.Build.0 = Release|Any CPU
	EndGlobalSection
	GlobalSection(SolutionProperties) = preSolution
		HideSolutionNode = FALSE
	EndGlobalSection
	GlobalSection(ExtensibilityGlobals) = postSolution
		SolutionGuid = {E365A1AB-9E3B-4910-BD55-5F524786BFA1}
	EndGlobalSection
EndGlobal
