
Microsoft Visual Studio Solution File, Format Version 12.00
# Visual Studio Version 17
VisualStudioVersion = 17.5.33530.505
MinimumVisualStudioVersion = 10.0.40219.1
Project("{FAE04EC0-301F-11D3-BF4B-00C04F79EFBC}") = "Atividade forms29", "Atividade forms29\Atividade forms29.csproj", "{58FD5FFE-AB7B-44EA-A7EC-A3F132945FA6}"
EndProject
Global
	GlobalSection(SolutionConfigurationPlatforms) = preSolution
		Debug|Any CPU = Debug|Any CPU
		Release|Any CPU = Release|Any CPU
	EndGlobalSection
	GlobalSection(ProjectConfigurationPlatforms) = postSolution
		{58FD5FFE-AB7B-44EA-A7EC-A3F132945FA6}.Debug|Any CPU.ActiveCfg = Debug|Any CPU
		{58FD5FFE-AB7B-44EA-A7EC-A3F132945FA6}.Debug|Any CPU.Build.0 = Debug|Any CPU
		{58FD5FFE-AB7B-44EA-A7EC-A3F132945FA6}.Release|Any CPU.ActiveCfg = Release|Any CPU
		{58FD5FFE-AB7B-44EA-A7EC-A3F132945FA6}.Release|Any CPU.Build.0 = Release|Any CPU
	EndGlobalSection
	GlobalSection(SolutionProperties) = preSolution
		HideSolutionNode = FALSE
	EndGlobalSection
	GlobalSection(ExtensibilityGlobals) = postSolution
		SolutionGuid = {FC49CD31-4231-4291-B557-5ECBCE1DA0E0}
	EndGlobalSection
EndGlobal
