
Microsoft Visual Studio Solution File, Format Version 12.00
# Visual Studio Version 17
VisualStudioVersion = 17.5.33530.505
MinimumVisualStudioVersion = 10.0.40219.1
Project("{FAE04EC0-301F-11D3-BF4B-00C04F79EFBC}") = "Teste", "Teste\Teste.csproj", "{BA28811D-8685-401D-AF32-DF9544131289}"
EndProject
Global
	GlobalSection(SolutionConfigurationPlatforms) = preSolution
		Debug|Any CPU = Debug|Any CPU
		Release|Any CPU = Release|Any CPU
	EndGlobalSection
	GlobalSection(ProjectConfigurationPlatforms) = postSolution
		{BA28811D-8685-401D-AF32-DF9544131289}.Debug|Any CPU.ActiveCfg = Debug|Any CPU
		{BA28811D-8685-401D-AF32-DF9544131289}.Debug|Any CPU.Build.0 = Debug|Any CPU
		{BA28811D-8685-401D-AF32-DF9544131289}.Release|Any CPU.ActiveCfg = Release|Any CPU
		{BA28811D-8685-401D-AF32-DF9544131289}.Release|Any CPU.Build.0 = Release|Any CPU
	EndGlobalSection
	GlobalSection(SolutionProperties) = preSolution
		HideSolutionNode = FALSE
	EndGlobalSection
	GlobalSection(ExtensibilityGlobals) = postSolution
		SolutionGuid = {476ACD0A-58AE-4289-BA75-AF9089747244}
	EndGlobalSection
EndGlobal
